
Microsoft Visual Studio Solution File, Format Version 12.00
# Visual Studio Version 16
VisualStudioVersion = 16.0.31019.35
MinimumVisualStudioVersion = 10.0.40219.1
Project("{9A19103F-16F7-4668-BE54-9A1E7A4F7556}") = "ArticleTag", "ArticleTag\ArticleTag.csproj", "{8F526EDE-6702-4321-8891-6A93F7CEE80B}"
EndProject
Project("{9A19103F-16F7-4668-BE54-9A1E7A4F7556}") = "Entity", "Entity\Entity.csproj", "{E3536177-12FE-441F-890A-BE778145DC0B}"
EndProject
Project("{9A19103F-16F7-4668-BE54-9A1E7A4F7556}") = "Businesses", "Businesses\Businesses.csproj", "{A732F41A-15C8-421B-B30D-C1B462FD235A}"
EndProject
Project("{9A19103F-16F7-4668-BE54-9A1E7A4F7556}") = "CleanRawArticleTool", "CleanRawArticleTool\CleanRawArticleTool.csproj", "{CFDCEC10-D018-4AF6-8A06-D53AA7DF6DF7}"
EndProject
Project("{FAE04EC0-301F-11D3-BF4B-00C04F79EFBC}") = "ParseJson", "ParseJson\ParseJson.csproj", "{6E2FBD75-9AE2-44E3-B06D-E94CB1B6A4A7}"
EndProject
Global
	GlobalSection(SolutionConfigurationPlatforms) = preSolution
		Debug|Any CPU = Debug|Any CPU
		Release|Any CPU = Release|Any CPU
	EndGlobalSection
	GlobalSection(ProjectConfigurationPlatforms) = postSolution
		{8F526EDE-6702-4321-8891-6A93F7CEE80B}.Debug|Any CPU.ActiveCfg = Debug|Any CPU
		{8F526EDE-6702-4321-8891-6A93F7CEE80B}.Debug|Any CPU.Build.0 = Debug|Any CPU
		{8F526EDE-6702-4321-8891-6A93F7CEE80B}.Release|Any CPU.ActiveCfg = Release|Any CPU
		{8F526EDE-6702-4321-8891-6A93F7CEE80B}.Release|Any CPU.Build.0 = Release|Any CPU
		{E3536177-12FE-441F-890A-BE778145DC0B}.Debug|Any CPU.ActiveCfg = Debug|Any CPU
		{E3536177-12FE-441F-890A-BE778145DC0B}.Debug|Any CPU.Build.0 = Debug|Any CPU
		{E3536177-12FE-441F-890A-BE778145DC0B}.Release|Any CPU.ActiveCfg = Release|Any CPU
		{E3536177-12FE-441F-890A-BE778145DC0B}.Release|Any CPU.Build.0 = Release|Any CPU
		{A732F41A-15C8-421B-B30D-C1B462FD235A}.Debug|Any CPU.ActiveCfg = Debug|Any CPU
		{A732F41A-15C8-421B-B30D-C1B462FD235A}.Debug|Any CPU.Build.0 = Debug|Any CPU
		{A732F41A-15C8-421B-B30D-C1B462FD235A}.Release|Any CPU.ActiveCfg = Release|Any CPU
		{A732F41A-15C8-421B-B30D-C1B462FD235A}.Release|Any CPU.Build.0 = Release|Any CPU
		{CFDCEC10-D018-4AF6-8A06-D53AA7DF6DF7}.Debug|Any CPU.ActiveCfg = Debug|Any CPU
		{CFDCEC10-D018-4AF6-8A06-D53AA7DF6DF7}.Debug|Any CPU.Build.0 = Debug|Any CPU
		{CFDCEC10-D018-4AF6-8A06-D53AA7DF6DF7}.Release|Any CPU.ActiveCfg = Release|Any CPU
		{CFDCEC10-D018-4AF6-8A06-D53AA7DF6DF7}.Release|Any CPU.Build.0 = Release|Any CPU
		{6E2FBD75-9AE2-44E3-B06D-E94CB1B6A4A7}.Debug|Any CPU.ActiveCfg = Debug|Any CPU
		{6E2FBD75-9AE2-44E3-B06D-E94CB1B6A4A7}.Debug|Any CPU.Build.0 = Debug|Any CPU
		{6E2FBD75-9AE2-44E3-B06D-E94CB1B6A4A7}.Release|Any CPU.ActiveCfg = Release|Any CPU
		{6E2FBD75-9AE2-44E3-B06D-E94CB1B6A4A7}.Release|Any CPU.Build.0 = Release|Any CPU
	EndGlobalSection
	GlobalSection(SolutionProperties) = preSolution
		HideSolutionNode = FALSE
	EndGlobalSection
	GlobalSection(ExtensibilityGlobals) = postSolution
		SolutionGuid = {2ED9D206-11BB-448C-BF26-996A6F991303}
	EndGlobalSection
EndGlobal
