
Microsoft Visual Studio Solution File, Format Version 12.00
# Visual Studio Version 16
VisualStudioVersion = 16.0.31019.35
MinimumVisualStudioVersion = 10.0.40219.1
Project("{9A19103F-16F7-4668-BE54-9A1E7A4F7556}") = "ArticleTag", "ArticleTag\ArticleTag.csproj", "{8F526EDE-6702-4321-8891-6A93F7CEE80B}"
EndProject
Project("{9A19103F-16F7-4668-BE54-9A1E7A4F7556}") = "Entity", "Entity\Entity.csproj", "{E3536177-12FE-441F-890A-BE778145DC0B}"
EndProject
Project("{9A19103F-16F7-4668-BE54-9A1E7A4F7556}") = "Businesses", "Businesses\Businesses.csproj", "{A732F41A-15C8-421B-B30D-C1B462FD235A}"
EndProject
Project("{9A19103F-16F7-4668-BE54-9A1E7A4F7556}") = "CleanRawArticleTool", "CleanRawArticleTool\CleanRawArticleTool.csproj", "{CFDCEC10-D018-4AF6-8A06-D53AA7DF6DF7}"
EndProject
Project("{9A19103F-16F7-4668-BE54-9A1E7A4F7556}") = "ParseJson", "ParseJson\ParseJson.csproj", "{6E2FBD75-9AE2-44E3-B06D-E94CB1B6A4A7}"
EndProject
Project("{2150E333-8FDC-42A3-9474-1A3956D46DE8}") = "CleanTools", "CleanTools", "{C0C4A69C-C9A1-468E-AE48-70C3E071F04C}"
EndProject
Project("{9A19103F-16F7-4668-BE54-9A1E7A4F7556}") = "CleanedHtmlToPlainText", "CleanedHtmlToPlainText\CleanedHtmlToPlainText.csproj", "{C69C47B2-24B4-4D3F-A2C9-E89DA9D9A606}"
EndProject
Project("{9A19103F-16F7-4668-BE54-9A1E7A4F7556}") = "ExtractMarks", "ExtractMarks\ExtractMarks.csproj", "{BABC9507-EA60-42AB-B52E-F5C68D1DF30F}"
EndProject
Project("{FAE04EC0-301F-11D3-BF4B-00C04F79EFBC}") = "ExtractOutput", "ExtractOutput\ExtractOutput.csproj", "{587C1DF3-3471-4284-ACE8-5BFCF2423F77}"
EndProject
Project("{FAE04EC0-301F-11D3-BF4B-00C04F79EFBC}") = "Common", "Common\Common.csproj", "{4C3DF834-131E-491D-BF91-DA994388D136}"
EndProject
Global
	GlobalSection(SolutionConfigurationPlatforms) = preSolution
		Debug|Any CPU = Debug|Any CPU
		Release|Any CPU = Release|Any CPU
	EndGlobalSection
	GlobalSection(ProjectConfigurationPlatforms) = postSolution
		{8F526EDE-6702-4321-8891-6A93F7CEE80B}.Debug|Any CPU.ActiveCfg = Debug|Any CPU
		{8F526EDE-6702-4321-8891-6A93F7CEE80B}.Debug|Any CPU.Build.0 = Debug|Any CPU
		{8F526EDE-6702-4321-8891-6A93F7CEE80B}.Release|Any CPU.ActiveCfg = Release|Any CPU
		{8F526EDE-6702-4321-8891-6A93F7CEE80B}.Release|Any CPU.Build.0 = Release|Any CPU
		{E3536177-12FE-441F-890A-BE778145DC0B}.Debug|Any CPU.ActiveCfg = Debug|Any CPU
		{E3536177-12FE-441F-890A-BE778145DC0B}.Debug|Any CPU.Build.0 = Debug|Any CPU
		{E3536177-12FE-441F-890A-BE778145DC0B}.Release|Any CPU.ActiveCfg = Release|Any CPU
		{E3536177-12FE-441F-890A-BE778145DC0B}.Release|Any CPU.Build.0 = Release|Any CPU
		{A732F41A-15C8-421B-B30D-C1B462FD235A}.Debug|Any CPU.ActiveCfg = Debug|Any CPU
		{A732F41A-15C8-421B-B30D-C1B462FD235A}.Debug|Any CPU.Build.0 = Debug|Any CPU
		{A732F41A-15C8-421B-B30D-C1B462FD235A}.Release|Any CPU.ActiveCfg = Release|Any CPU
		{A732F41A-15C8-421B-B30D-C1B462FD235A}.Release|Any CPU.Build.0 = Release|Any CPU
		{CFDCEC10-D018-4AF6-8A06-D53AA7DF6DF7}.Debug|Any CPU.ActiveCfg = Debug|Any CPU
		{CFDCEC10-D018-4AF6-8A06-D53AA7DF6DF7}.Debug|Any CPU.Build.0 = Debug|Any CPU
		{CFDCEC10-D018-4AF6-8A06-D53AA7DF6DF7}.Release|Any CPU.ActiveCfg = Release|Any CPU
		{CFDCEC10-D018-4AF6-8A06-D53AA7DF6DF7}.Release|Any CPU.Build.0 = Release|Any CPU
		{6E2FBD75-9AE2-44E3-B06D-E94CB1B6A4A7}.Debug|Any CPU.ActiveCfg = Debug|Any CPU
		{6E2FBD75-9AE2-44E3-B06D-E94CB1B6A4A7}.Debug|Any CPU.Build.0 = Debug|Any CPU
		{6E2FBD75-9AE2-44E3-B06D-E94CB1B6A4A7}.Release|Any CPU.ActiveCfg = Release|Any CPU
		{6E2FBD75-9AE2-44E3-B06D-E94CB1B6A4A7}.Release|Any CPU.Build.0 = Release|Any CPU
		{C69C47B2-24B4-4D3F-A2C9-E89DA9D9A606}.Debug|Any CPU.ActiveCfg = Debug|Any CPU
		{C69C47B2-24B4-4D3F-A2C9-E89DA9D9A606}.Debug|Any CPU.Build.0 = Debug|Any CPU
		{C69C47B2-24B4-4D3F-A2C9-E89DA9D9A606}.Release|Any CPU.ActiveCfg = Release|Any CPU
		{C69C47B2-24B4-4D3F-A2C9-E89DA9D9A606}.Release|Any CPU.Build.0 = Release|Any CPU
		{BABC9507-EA60-42AB-B52E-F5C68D1DF30F}.Debug|Any CPU.ActiveCfg = Debug|Any CPU
		{BABC9507-EA60-42AB-B52E-F5C68D1DF30F}.Debug|Any CPU.Build.0 = Debug|Any CPU
		{BABC9507-EA60-42AB-B52E-F5C68D1DF30F}.Release|Any CPU.ActiveCfg = Release|Any CPU
		{BABC9507-EA60-42AB-B52E-F5C68D1DF30F}.Release|Any CPU.Build.0 = Release|Any CPU
		{587C1DF3-3471-4284-ACE8-5BFCF2423F77}.Debug|Any CPU.ActiveCfg = Debug|Any CPU
		{587C1DF3-3471-4284-ACE8-5BFCF2423F77}.Debug|Any CPU.Build.0 = Debug|Any CPU
		{587C1DF3-3471-4284-ACE8-5BFCF2423F77}.Release|Any CPU.ActiveCfg = Release|Any CPU
		{587C1DF3-3471-4284-ACE8-5BFCF2423F77}.Release|Any CPU.Build.0 = Release|Any CPU
		{4C3DF834-131E-491D-BF91-DA994388D136}.Debug|Any CPU.ActiveCfg = Debug|Any CPU
		{4C3DF834-131E-491D-BF91-DA994388D136}.Debug|Any CPU.Build.0 = Debug|Any CPU
		{4C3DF834-131E-491D-BF91-DA994388D136}.Release|Any CPU.ActiveCfg = Release|Any CPU
		{4C3DF834-131E-491D-BF91-DA994388D136}.Release|Any CPU.Build.0 = Release|Any CPU
	EndGlobalSection
	GlobalSection(SolutionProperties) = preSolution
		HideSolutionNode = FALSE
	EndGlobalSection
	GlobalSection(NestedProjects) = preSolution
		{CFDCEC10-D018-4AF6-8A06-D53AA7DF6DF7} = {C0C4A69C-C9A1-468E-AE48-70C3E071F04C}
		{6E2FBD75-9AE2-44E3-B06D-E94CB1B6A4A7} = {C0C4A69C-C9A1-468E-AE48-70C3E071F04C}
		{C69C47B2-24B4-4D3F-A2C9-E89DA9D9A606} = {C0C4A69C-C9A1-468E-AE48-70C3E071F04C}
		{BABC9507-EA60-42AB-B52E-F5C68D1DF30F} = {C0C4A69C-C9A1-468E-AE48-70C3E071F04C}
		{587C1DF3-3471-4284-ACE8-5BFCF2423F77} = {C0C4A69C-C9A1-468E-AE48-70C3E071F04C}
		{4C3DF834-131E-491D-BF91-DA994388D136} = {C0C4A69C-C9A1-468E-AE48-70C3E071F04C}
	EndGlobalSection
	GlobalSection(ExtensibilityGlobals) = postSolution
		SolutionGuid = {2ED9D206-11BB-448C-BF26-996A6F991303}
	EndGlobalSection
EndGlobal
